<?xml version="1.0" encoding="utf-8"?>
<Project ToolsVersion="4.0" xmlns="http://schemas.microsoft.com/developer/msbuild/2003">
  <ItemGroup>
    <Filter Include="Source Files">
      <UniqueIdentifier>{4FC737F1-C7A5-4376-A066-2A32D752A2FF}</UniqueIdentifier>
      <Extensions>cpp;c;cc;cxx;def;odl;idl;hpj;bat;asm;asmx</Extensions>
    </Filter>
    <Filter Include="Header Files">
      <UniqueIdentifier>{93995380-89BD-4b04-88EB-625FBE52EBFB}</UniqueIdentifier>
      <Extensions>h;hpp;hxx;hm;inl;inc;xsd</Extensions>
    </Filter>
  </ItemGroup>
  <ItemGroup>
    <ClCompile Include="clustering.cpp">
      <Filter>Source Files</Filter>
    </ClCompile>
    <ClCompile Include="crf.cpp">
      <Filter>Source Files</Filter>
    </ClCompile>
    <ClCompile Include="dataset.cpp">
      <Filter>Source Files</Filter>
    </ClCompile>
    <ClCompile Include="feature.cpp">
      <Filter>Source Files</Filter>
    </ClCompile>
    <ClCompile Include="filter.cpp">
      <Filter>Source Files</Filter>
    </ClCompile>
    <ClCompile Include="image.cpp">
      <Filter>Source Files</Filter>
    </ClCompile>
    <ClCompile Include="learning.cpp">
      <Filter>Source Files</Filter>
    </ClCompile>
    <ClCompile Include="main.cpp">
      <Filter>Source Files</Filter>
    </ClCompile>
    <ClCompile Include="potential.cpp">
      <Filter>Source Files</Filter>
    </ClCompile>
    <ClCompile Include="segmentation.cpp">
      <Filter>Source Files</Filter>
    </ClCompile>
    <ClCompile Include="std.cpp">
      <Filter>Source Files</Filter>
    </ClCompile>
  </ItemGroup>
  <ItemGroup>
    <ClInclude Include="block.h">
      <Filter>Header Files</Filter>
    </ClInclude>
    <ClInclude Include="clustering.h">
      <Filter>Header Files</Filter>
    </ClInclude>
    <ClInclude Include="crf.h">
      <Filter>Header Files</Filter>
    </ClInclude>
    <ClInclude Include="dataset.h">
      <Filter>Header Files</Filter>
    </ClInclude>
    <ClInclude Include="feature.h">
      <Filter>Header Files</Filter>
    </ClInclude>
    <ClInclude Include="filter.h">
      <Filter>Header Files</Filter>
    </ClInclude>
    <ClInclude Include="graph.h">
      <Filter>Header Files</Filter>
    </ClInclude>
    <ClInclude Include="image.h">
      <Filter>Header Files</Filter>
    </ClInclude>
    <ClInclude Include="learning.h">
      <Filter>Header Files</Filter>
    </ClInclude>
    <ClInclude Include="main.h">
      <Filter>Header Files</Filter>
    </ClInclude>
    <ClInclude Include="potential.h">
      <Filter>Header Files</Filter>
    </ClInclude>
    <ClInclude Include="segmentation.h">
      <Filter>Header Files</Filter>
    </ClInclude>
    <ClInclude Include="std.h">
      <Filter>Header Files</Filter>
    </ClInclude>
  </ItemGroup>
</Project>